
Microsoft Visual Studio Solution File, Format Version 12.00
# Visual Studio 14
VisualStudioVersion = 14.0.23107.0
MinimumVisualStudioVersion = 10.0.40219.1
Project("{2150E333-8FDC-42A3-9474-1A3956D46DE8}") = "src", "src", "{5FBFE46B-D41C-4721-98A2-28FBE41F8428}"
EndProject
Project("{2150E333-8FDC-42A3-9474-1A3956D46DE8}") = "Solution Items", "Solution Items", "{02087E56-AEFE-4CF8-919F-5D559760FE15}"
	ProjectSection(SolutionItems) = preProject
		global.json = global.json
	EndProjectSection
EndProject
Project("{8BB2217D-0F2D-49D1-97BC-3654ED321F3B}") = "InkySigma", "src\InkySigma\InkySigma.xproj", "{98A92493-816D-47C7-BA34-36CC9E37A653}"
EndProject
Project("{8BB2217D-0F2D-49D1-97BC-3654ED321F3B}") = "InkySigma.Identity", "src\InkySigma.Identity\InkySigma.Identity.xproj", "{9CA03F91-92B3-4050-8551-C967BD95E311}"
EndProject
Project("{8BB2217D-0F2D-49D1-97BC-3654ED321F3B}") = "InkySigma.Identity.Dapper", "src\InkySigma.Identity.Dapper\InkySigma.Identity.Dapper.xproj", "{51788A2C-7737-407E-B657-E06D78D34C7B}"
EndProject
Project("{8BB2217D-0F2D-49D1-97BC-3654ED321F3B}") = "InkySigma.Common", "src\InkySigma.Common\InkySigma.Common.xproj", "{DB195912-9D99-40BE-8A67-25B613D35EEF}"
EndProject
Project("{8BB2217D-0F2D-49D1-97BC-3654ED321F3B}") = "InkySigma.Console", "src\InkySigma.Console\InkySigma.Console.xproj", "{11F4A690-29E7-46FE-91C1-8D89618468D8}"
EndProject
Global
	GlobalSection(SolutionConfigurationPlatforms) = preSolution
		Debug|Any CPU = Debug|Any CPU
		Release|Any CPU = Release|Any CPU
	EndGlobalSection
	GlobalSection(ProjectConfigurationPlatforms) = postSolution
		{98A92493-816D-47C7-BA34-36CC9E37A653}.Debug|Any CPU.ActiveCfg = Debug|Any CPU
		{98A92493-816D-47C7-BA34-36CC9E37A653}.Debug|Any CPU.Build.0 = Debug|Any CPU
		{98A92493-816D-47C7-BA34-36CC9E37A653}.Release|Any CPU.ActiveCfg = Release|Any CPU
		{98A92493-816D-47C7-BA34-36CC9E37A653}.Release|Any CPU.Build.0 = Release|Any CPU
		{9CA03F91-92B3-4050-8551-C967BD95E311}.Debug|Any CPU.ActiveCfg = Debug|Any CPU
		{9CA03F91-92B3-4050-8551-C967BD95E311}.Debug|Any CPU.Build.0 = Debug|Any CPU
		{9CA03F91-92B3-4050-8551-C967BD95E311}.Release|Any CPU.ActiveCfg = Release|Any CPU
		{9CA03F91-92B3-4050-8551-C967BD95E311}.Release|Any CPU.Build.0 = Release|Any CPU
		{51788A2C-7737-407E-B657-E06D78D34C7B}.Debug|Any CPU.ActiveCfg = Debug|Any CPU
		{51788A2C-7737-407E-B657-E06D78D34C7B}.Debug|Any CPU.Build.0 = Debug|Any CPU
		{51788A2C-7737-407E-B657-E06D78D34C7B}.Release|Any CPU.ActiveCfg = Release|Any CPU
		{51788A2C-7737-407E-B657-E06D78D34C7B}.Release|Any CPU.Build.0 = Release|Any CPU
		{DB195912-9D99-40BE-8A67-25B613D35EEF}.Debug|Any CPU.ActiveCfg = Debug|Any CPU
		{DB195912-9D99-40BE-8A67-25B613D35EEF}.Debug|Any CPU.Build.0 = Debug|Any CPU
		{DB195912-9D99-40BE-8A67-25B613D35EEF}.Release|Any CPU.ActiveCfg = Release|Any CPU
		{DB195912-9D99-40BE-8A67-25B613D35EEF}.Release|Any CPU.Build.0 = Release|Any CPU
		{11F4A690-29E7-46FE-91C1-8D89618468D8}.Debug|Any CPU.ActiveCfg = Debug|Any CPU
		{11F4A690-29E7-46FE-91C1-8D89618468D8}.Debug|Any CPU.Build.0 = Debug|Any CPU
		{11F4A690-29E7-46FE-91C1-8D89618468D8}.Release|Any CPU.ActiveCfg = Release|Any CPU
		{11F4A690-29E7-46FE-91C1-8D89618468D8}.Release|Any CPU.Build.0 = Release|Any CPU
	EndGlobalSection
	GlobalSection(SolutionProperties) = preSolution
		HideSolutionNode = FALSE
	EndGlobalSection
	GlobalSection(NestedProjects) = preSolution
		{98A92493-816D-47C7-BA34-36CC9E37A653} = {5FBFE46B-D41C-4721-98A2-28FBE41F8428}
		{9CA03F91-92B3-4050-8551-C967BD95E311} = {5FBFE46B-D41C-4721-98A2-28FBE41F8428}
		{51788A2C-7737-407E-B657-E06D78D34C7B} = {5FBFE46B-D41C-4721-98A2-28FBE41F8428}
		{DB195912-9D99-40BE-8A67-25B613D35EEF} = {5FBFE46B-D41C-4721-98A2-28FBE41F8428}
		{11F4A690-29E7-46FE-91C1-8D89618468D8} = {5FBFE46B-D41C-4721-98A2-28FBE41F8428}
	EndGlobalSection
EndGlobal
